// !$*UTF8*$!
{
	archiveVersion = 1;
	classes = {
	};
	objectVersion = 55;
	objects = {

/* Begin PBXBuildFile section */
		974C61F9277645AE008EACDC /* Tests_iOS.swift in Sources */ = {isa = PBXBuildFile; fileRef = 974C61F8277645AE008EACDC /* Tests_iOS.swift */; };
		974C61FB277645AE008EACDC /* Tests_iOSLaunchTests.swift in Sources */ = {isa = PBXBuildFile; fileRef = 974C61FA277645AE008EACDC /* Tests_iOSLaunchTests.swift */; };
		974C6205277645AE008EACDC /* Tests_macOS.swift in Sources */ = {isa = PBXBuildFile; fileRef = 974C6204277645AE008EACDC /* Tests_macOS.swift */; };
		974C6207277645AE008EACDC /* Tests_macOSLaunchTests.swift in Sources */ = {isa = PBXBuildFile; fileRef = 974C6206277645AE008EACDC /* Tests_macOSLaunchTests.swift */; };
		974C6208277645AE008EACDC /* ILikeToWatch.xcdatamodeld in Sources */ = {isa = PBXBuildFile; fileRef = 974C61DD277645AC008EACDC /* ILikeToWatch.xcdatamodeld */; };
		974C6209277645AE008EACDC /* ILikeToWatch.xcdatamodeld in Sources */ = {isa = PBXBuildFile; fileRef = 974C61DD277645AC008EACDC /* ILikeToWatch.xcdatamodeld */; };
		974C620A277645AE008EACDC /* ILikeToWatchApp.swift in Sources */ = {isa = PBXBuildFile; fileRef = 974C61DF277645AC008EACDC /* ILikeToWatchApp.swift */; };
		974C620B277645AE008EACDC /* ILikeToWatchApp.swift in Sources */ = {isa = PBXBuildFile; fileRef = 974C61DF277645AC008EACDC /* ILikeToWatchApp.swift */; };
		974C620C277645AE008EACDC /* SearchView.swift in Sources */ = {isa = PBXBuildFile; fileRef = 974C61E0277645AC008EACDC /* SearchView.swift */; };
		974C620D277645AE008EACDC /* SearchView.swift in Sources */ = {isa = PBXBuildFile; fileRef = 974C61E0277645AC008EACDC /* SearchView.swift */; };
		974C620E277645AE008EACDC /* Persistence.swift in Sources */ = {isa = PBXBuildFile; fileRef = 974C61E1277645AC008EACDC /* Persistence.swift */; };
		974C620F277645AE008EACDC /* Persistence.swift in Sources */ = {isa = PBXBuildFile; fileRef = 974C61E1277645AC008EACDC /* Persistence.swift */; };
		974C6210277645AE008EACDC /* Assets.xcassets in Resources */ = {isa = PBXBuildFile; fileRef = 974C61E2277645AE008EACDC /* Assets.xcassets */; };
		974C6211277645AE008EACDC /* Assets.xcassets in Resources */ = {isa = PBXBuildFile; fileRef = 974C61E2277645AE008EACDC /* Assets.xcassets */; };
		974C6221277646C0008EACDC /* APISearchRequest.swift in Sources */ = {isa = PBXBuildFile; fileRef = 974C6220277646C0008EACDC /* APISearchRequest.swift */; };
		974C6222277646C0008EACDC /* APISearchRequest.swift in Sources */ = {isa = PBXBuildFile; fileRef = 974C6220277646C0008EACDC /* APISearchRequest.swift */; };
		974C622427764A06008EACDC /* Keys.swift in Sources */ = {isa = PBXBuildFile; fileRef = 974C622327764A06008EACDC /* Keys.swift */; };
		974C622527764A06008EACDC /* Keys.swift in Sources */ = {isa = PBXBuildFile; fileRef = 974C622327764A06008EACDC /* Keys.swift */; };
		974C6227277655A8008EACDC /* APISearchResponse.swift in Sources */ = {isa = PBXBuildFile; fileRef = 974C6226277655A8008EACDC /* APISearchResponse.swift */; };
		974C6228277655A8008EACDC /* APISearchResponse.swift in Sources */ = {isa = PBXBuildFile; fileRef = 974C6226277655A8008EACDC /* APISearchResponse.swift */; };
		974C622A27765AD6008EACDC /* SearchViewModel.swift in Sources */ = {isa = PBXBuildFile; fileRef = 974C622927765AD6008EACDC /* SearchViewModel.swift */; };
		974C622B27765AD6008EACDC /* SearchViewModel.swift in Sources */ = {isa = PBXBuildFile; fileRef = 974C622927765AD6008EACDC /* SearchViewModel.swift */; };
		974C622D27767AB2008EACDC /* SearchResponseRow.swift in Sources */ = {isa = PBXBuildFile; fileRef = 974C622C27767AB2008EACDC /* SearchResponseRow.swift */; };
		974C622E27767AB2008EACDC /* SearchResponseRow.swift in Sources */ = {isa = PBXBuildFile; fileRef = 974C622C27767AB2008EACDC /* SearchResponseRow.swift */; };
		974C6230277684DB008EACDC /* Extensions.swift in Sources */ = {isa = PBXBuildFile; fileRef = 974C622F277684DB008EACDC /* Extensions.swift */; };
		974C6231277684DB008EACDC /* Extensions.swift in Sources */ = {isa = PBXBuildFile; fileRef = 974C622F277684DB008EACDC /* Extensions.swift */; };
		974C62332778D8D4008EACDC /* SearchResponse.swift in Sources */ = {isa = PBXBuildFile; fileRef = 974C62322778D8D3008EACDC /* SearchResponse.swift */; };
		974C62342778D8D4008EACDC /* SearchResponse.swift in Sources */ = {isa = PBXBuildFile; fileRef = 974C62322778D8D3008EACDC /* SearchResponse.swift */; };
		974C623B2778EB1F008EACDC /* MainView.swift in Sources */ = {isa = PBXBuildFile; fileRef = 974C623A2778EB1F008EACDC /* MainView.swift */; };
		974C623C2778EB1F008EACDC /* MainView.swift in Sources */ = {isa = PBXBuildFile; fileRef = 974C623A2778EB1F008EACDC /* MainView.swift */; };
		974C623E2778EB5B008EACDC /* SearchResponseDetailView.swift in Sources */ = {isa = PBXBuildFile; fileRef = 974C623D2778EB5B008EACDC /* SearchResponseDetailView.swift */; };
		974C623F2778EB5B008EACDC /* SearchResponseDetailView.swift in Sources */ = {isa = PBXBuildFile; fileRef = 974C623D2778EB5B008EACDC /* SearchResponseDetailView.swift */; };
		974C62AE27791496008EACDC /* Platform.swift in Sources */ = {isa = PBXBuildFile; fileRef = 974C62AD27791496008EACDC /* Platform.swift */; };
		974C62AF27791496008EACDC /* Platform.swift in Sources */ = {isa = PBXBuildFile; fileRef = 974C62AD27791496008EACDC /* Platform.swift */; };
		974C62B127792235008EACDC /* Rating.swift in Sources */ = {isa = PBXBuildFile; fileRef = 974C62B027792235008EACDC /* Rating.swift */; };
		974C62B227792235008EACDC /* Rating.swift in Sources */ = {isa = PBXBuildFile; fileRef = 974C62B027792235008EACDC /* Rating.swift */; };
		97A97FA0277A885D005FE01A /* HistoryViewModel.swift in Sources */ = {isa = PBXBuildFile; fileRef = 97A97F9F277A885D005FE01A /* HistoryViewModel.swift */; };
		97A97FA1277A885D005FE01A /* HistoryViewModel.swift in Sources */ = {isa = PBXBuildFile; fileRef = 97A97F9F277A885D005FE01A /* HistoryViewModel.swift */; };
		97A97FA3277BC899005FE01A /* WatchItem.swift in Sources */ = {isa = PBXBuildFile; fileRef = 97A97FA2277BC899005FE01A /* WatchItem.swift */; };
		97A97FA4277BC899005FE01A /* WatchItem.swift in Sources */ = {isa = PBXBuildFile; fileRef = 97A97FA2277BC899005FE01A /* WatchItem.swift */; };
		97A97FA6277CD63A005FE01A /* PosterView.swift in Sources */ = {isa = PBXBuildFile; fileRef = 97A97FA5277CD63A005FE01A /* PosterView.swift */; };
		97A97FA7277CD63A005FE01A /* PosterView.swift in Sources */ = {isa = PBXBuildFile; fileRef = 97A97FA5277CD63A005FE01A /* PosterView.swift */; };
		97A97FA9277CD6FD005FE01A /* Constants.swift in Sources */ = {isa = PBXBuildFile; fileRef = 97A97FA8277CD6FD005FE01A /* Constants.swift */; };
		97A97FAA277CD6FD005FE01A /* Constants.swift in Sources */ = {isa = PBXBuildFile; fileRef = 97A97FA8277CD6FD005FE01A /* Constants.swift */; };
		97A97FAE277CD875005FE01A /* TitleView.swift in Sources */ = {isa = PBXBuildFile; fileRef = 97A97FAD277CD875005FE01A /* TitleView.swift */; };
		97A97FAF277CD875005FE01A /* TitleView.swift in Sources */ = {isa = PBXBuildFile; fileRef = 97A97FAD277CD875005FE01A /* TitleView.swift */; };
		97A97FB1277CD9CD005FE01A /* PlatformPicker.swift in Sources */ = {isa = PBXBuildFile; fileRef = 97A97FB0277CD9CD005FE01A /* PlatformPicker.swift */; };
		97A97FB2277CD9CD005FE01A /* PlatformPicker.swift in Sources */ = {isa = PBXBuildFile; fileRef = 97A97FB0277CD9CD005FE01A /* PlatformPicker.swift */; };
		97A97FB4277CDB3A005FE01A /* RatingPicker.swift in Sources */ = {isa = PBXBuildFile; fileRef = 97A97FB3277CDB3A005FE01A /* RatingPicker.swift */; };
		97A97FB5277CDB3A005FE01A /* RatingPicker.swift in Sources */ = {isa = PBXBuildFile; fileRef = 97A97FB3277CDB3A005FE01A /* RatingPicker.swift */; };
		97A97FB7277CDC97005FE01A /* SeriesRow.swift in Sources */ = {isa = PBXBuildFile; fileRef = 97A97FB6277CDC97005FE01A /* SeriesRow.swift */; };
		97A97FB8277CDC97005FE01A /* SeriesRow.swift in Sources */ = {isa = PBXBuildFile; fileRef = 97A97FB6277CDC97005FE01A /* SeriesRow.swift */; };
		97A97FBA277CE22E005FE01A /* MediaType.swift in Sources */ = {isa = PBXBuildFile; fileRef = 97A97FB9277CE22E005FE01A /* MediaType.swift */; };
		97A97FBB277CE22E005FE01A /* MediaType.swift in Sources */ = {isa = PBXBuildFile; fileRef = 97A97FB9277CE22E005FE01A /* MediaType.swift */; };
		97A97FBD277CE9C3005FE01A /* PersistenceViewModel.swift in Sources */ = {isa = PBXBuildFile; fileRef = 97A97FBC277CE9C3005FE01A /* PersistenceViewModel.swift */; };
		97A97FBE277CE9C3005FE01A /* PersistenceViewModel.swift in Sources */ = {isa = PBXBuildFile; fileRef = 97A97FBC277CE9C3005FE01A /* PersistenceViewModel.swift */; };
		97A97FC0277CFA27005FE01A /* APIDetailedRequest.swift in Sources */ = {isa = PBXBuildFile; fileRef = 97A97FBF277CFA27005FE01A /* APIDetailedRequest.swift */; };
		97A97FC1277CFA27005FE01A /* APIDetailedRequest.swift in Sources */ = {isa = PBXBuildFile; fileRef = 97A97FBF277CFA27005FE01A /* APIDetailedRequest.swift */; };
		97A97FC3277CFD84005FE01A /* APIDetailedResponse.swift in Sources */ = {isa = PBXBuildFile; fileRef = 97A97FC2277CFD84005FE01A /* APIDetailedResponse.swift */; };
		97A97FC4277CFD84005FE01A /* APIDetailedResponse.swift in Sources */ = {isa = PBXBuildFile; fileRef = 97A97FC2277CFD84005FE01A /* APIDetailedResponse.swift */; };
		97A97FC9277E2949005FE01A /* Printable.swift in Sources */ = {isa = PBXBuildFile; fileRef = 97A97FC8277E2949005FE01A /* Printable.swift */; };
		97A97FCA277E2949005FE01A /* Printable.swift in Sources */ = {isa = PBXBuildFile; fileRef = 97A97FC8277E2949005FE01A /* Printable.swift */; };
		97A97FCC277E2A97005FE01A /* APIRequest.swift in Sources */ = {isa = PBXBuildFile; fileRef = 97A97FCB277E2A97005FE01A /* APIRequest.swift */; };
		97A97FCD277E2A97005FE01A /* APIRequest.swift in Sources */ = {isa = PBXBuildFile; fileRef = 97A97FCB277E2A97005FE01A /* APIRequest.swift */; };
/* End PBXBuildFile section */

/* Begin PBXContainerItemProxy section */
		974C61F5277645AE008EACDC /* PBXContainerItemProxy */ = {
			isa = PBXContainerItemProxy;
			containerPortal = 974C61D8277645AC008EACDC /* Project object */;
			proxyType = 1;
			remoteGlobalIDString = 974C61E6277645AE008EACDC;
			remoteInfo = "ILikeToWatch (iOS)";
		};
		974C6201277645AE008EACDC /* PBXContainerItemProxy */ = {
			isa = PBXContainerItemProxy;
			containerPortal = 974C61D8277645AC008EACDC /* Project object */;
			proxyType = 1;
			remoteGlobalIDString = 974C61EC277645AE008EACDC;
			remoteInfo = "ILikeToWatch (macOS)";
		};
/* End PBXContainerItemProxy section */

/* Begin PBXFileReference section */
		974C61DE277645AC008EACDC /* Shared.xcdatamodel */ = {isa = PBXFileReference; lastKnownFileType = wrapper.xcdatamodel; path = Shared.xcdatamodel; sourceTree = "<group>"; };
		974C61DF277645AC008EACDC /* ILikeToWatchApp.swift */ = {isa = PBXFileReference; lastKnownFileType = sourcecode.swift; path = ILikeToWatchApp.swift; sourceTree = "<group>"; };
		974C61E0277645AC008EACDC /* SearchView.swift */ = {isa = PBXFileReference; lastKnownFileType = sourcecode.swift; path = SearchView.swift; sourceTree = "<group>"; };
		974C61E1277645AC008EACDC /* Persistence.swift */ = {isa = PBXFileReference; lastKnownFileType = sourcecode.swift; path = Persistence.swift; sourceTree = "<group>"; };
		974C61E2277645AE008EACDC /* Assets.xcassets */ = {isa = PBXFileReference; lastKnownFileType = folder.assetcatalog; path = Assets.xcassets; sourceTree = "<group>"; };
		974C61E7277645AE008EACDC /* ILikeToWatch.app */ = {isa = PBXFileReference; explicitFileType = wrapper.application; includeInIndex = 0; path = ILikeToWatch.app; sourceTree = BUILT_PRODUCTS_DIR; };
		974C61ED277645AE008EACDC /* ILikeToWatch.app */ = {isa = PBXFileReference; explicitFileType = wrapper.application; includeInIndex = 0; path = ILikeToWatch.app; sourceTree = BUILT_PRODUCTS_DIR; };
		974C61EF277645AE008EACDC /* macOS.entitlements */ = {isa = PBXFileReference; lastKnownFileType = text.plist.entitlements; path = macOS.entitlements; sourceTree = "<group>"; };
		974C61F4277645AE008EACDC /* Tests iOS.xctest */ = {isa = PBXFileReference; explicitFileType = wrapper.cfbundle; includeInIndex = 0; path = "Tests iOS.xctest"; sourceTree = BUILT_PRODUCTS_DIR; };
		974C61F8277645AE008EACDC /* Tests_iOS.swift */ = {isa = PBXFileReference; lastKnownFileType = sourcecode.swift; path = Tests_iOS.swift; sourceTree = "<group>"; };
		974C61FA277645AE008EACDC /* Tests_iOSLaunchTests.swift */ = {isa = PBXFileReference; lastKnownFileType = sourcecode.swift; path = Tests_iOSLaunchTests.swift; sourceTree = "<group>"; };
		974C6200277645AE008EACDC /* Tests macOS.xctest */ = {isa = PBXFileReference; explicitFileType = wrapper.cfbundle; includeInIndex = 0; path = "Tests macOS.xctest"; sourceTree = BUILT_PRODUCTS_DIR; };
		974C6204277645AE008EACDC /* Tests_macOS.swift */ = {isa = PBXFileReference; lastKnownFileType = sourcecode.swift; path = Tests_macOS.swift; sourceTree = "<group>"; };
		974C6206277645AE008EACDC /* Tests_macOSLaunchTests.swift */ = {isa = PBXFileReference; lastKnownFileType = sourcecode.swift; path = Tests_macOSLaunchTests.swift; sourceTree = "<group>"; };
		974C6220277646C0008EACDC /* APISearchRequest.swift */ = {isa = PBXFileReference; lastKnownFileType = sourcecode.swift; path = APISearchRequest.swift; sourceTree = "<group>"; };
		974C622327764A06008EACDC /* Keys.swift */ = {isa = PBXFileReference; lastKnownFileType = sourcecode.swift; path = Keys.swift; sourceTree = "<group>"; };
		974C6226277655A8008EACDC /* APISearchResponse.swift */ = {isa = PBXFileReference; lastKnownFileType = sourcecode.swift; path = APISearchResponse.swift; sourceTree = "<group>"; };
		974C622927765AD6008EACDC /* SearchViewModel.swift */ = {isa = PBXFileReference; lastKnownFileType = sourcecode.swift; path = SearchViewModel.swift; sourceTree = "<group>"; };
		974C622C27767AB2008EACDC /* SearchResponseRow.swift */ = {isa = PBXFileReference; lastKnownFileType = sourcecode.swift; path = SearchResponseRow.swift; sourceTree = "<group>"; };
		974C622F277684DB008EACDC /* Extensions.swift */ = {isa = PBXFileReference; lastKnownFileType = sourcecode.swift; path = Extensions.swift; sourceTree = "<group>"; };
		974C62322778D8D3008EACDC /* SearchResponse.swift */ = {isa = PBXFileReference; lastKnownFileType = sourcecode.swift; path = SearchResponse.swift; sourceTree = "<group>"; };
		974C623A2778EB1F008EACDC /* MainView.swift */ = {isa = PBXFileReference; lastKnownFileType = sourcecode.swift; path = MainView.swift; sourceTree = "<group>"; };
		974C623D2778EB5B008EACDC /* SearchResponseDetailView.swift */ = {isa = PBXFileReference; lastKnownFileType = sourcecode.swift; path = SearchResponseDetailView.swift; sourceTree = "<group>"; };
		974C62AD27791496008EACDC /* Platform.swift */ = {isa = PBXFileReference; lastKnownFileType = sourcecode.swift; path = Platform.swift; sourceTree = "<group>"; };
		974C62B027792235008EACDC /* Rating.swift */ = {isa = PBXFileReference; lastKnownFileType = sourcecode.swift; path = Rating.swift; sourceTree = "<group>"; };
		97A97F9F277A885D005FE01A /* HistoryViewModel.swift */ = {isa = PBXFileReference; lastKnownFileType = sourcecode.swift; path = HistoryViewModel.swift; sourceTree = "<group>"; };
		97A97FA2277BC899005FE01A /* WatchItem.swift */ = {isa = PBXFileReference; lastKnownFileType = sourcecode.swift; path = WatchItem.swift; sourceTree = "<group>"; };
		97A97FA5277CD63A005FE01A /* PosterView.swift */ = {isa = PBXFileReference; lastKnownFileType = sourcecode.swift; path = PosterView.swift; sourceTree = "<group>"; };
		97A97FA8277CD6FD005FE01A /* Constants.swift */ = {isa = PBXFileReference; lastKnownFileType = sourcecode.swift; path = Constants.swift; sourceTree = "<group>"; };
		97A97FAD277CD875005FE01A /* TitleView.swift */ = {isa = PBXFileReference; lastKnownFileType = sourcecode.swift; path = TitleView.swift; sourceTree = "<group>"; };
		97A97FB0277CD9CD005FE01A /* PlatformPicker.swift */ = {isa = PBXFileReference; lastKnownFileType = sourcecode.swift; path = PlatformPicker.swift; sourceTree = "<group>"; };
		97A97FB3277CDB3A005FE01A /* RatingPicker.swift */ = {isa = PBXFileReference; lastKnownFileType = sourcecode.swift; path = RatingPicker.swift; sourceTree = "<group>"; };
		97A97FB6277CDC97005FE01A /* SeriesRow.swift */ = {isa = PBXFileReference; lastKnownFileType = sourcecode.swift; path = SeriesRow.swift; sourceTree = "<group>"; };
		97A97FB9277CE22E005FE01A /* MediaType.swift */ = {isa = PBXFileReference; lastKnownFileType = sourcecode.swift; path = MediaType.swift; sourceTree = "<group>"; };
		97A97FBC277CE9C3005FE01A /* PersistenceViewModel.swift */ = {isa = PBXFileReference; lastKnownFileType = sourcecode.swift; path = PersistenceViewModel.swift; sourceTree = "<group>"; };
		97A97FBF277CFA27005FE01A /* APIDetailedRequest.swift */ = {isa = PBXFileReference; lastKnownFileType = sourcecode.swift; path = APIDetailedRequest.swift; sourceTree = "<group>"; };
		97A97FC2277CFD84005FE01A /* APIDetailedResponse.swift */ = {isa = PBXFileReference; lastKnownFileType = sourcecode.swift; path = APIDetailedResponse.swift; sourceTree = "<group>"; };
		97A97FC8277E2949005FE01A /* Printable.swift */ = {isa = PBXFileReference; lastKnownFileType = sourcecode.swift; path = Printable.swift; sourceTree = "<group>"; };
		97A97FCB277E2A97005FE01A /* APIRequest.swift */ = {isa = PBXFileReference; lastKnownFileType = sourcecode.swift; path = APIRequest.swift; sourceTree = "<group>"; };
/* End PBXFileReference section */

/* Begin PBXFrameworksBuildPhase section */
		974C61E4277645AE008EACDC /* Frameworks */ = {
			isa = PBXFrameworksBuildPhase;
			buildActionMask = 2147483647;
			files = (
			);
			runOnlyForDeploymentPostprocessing = 0;
		};
		974C61EA277645AE008EACDC /* Frameworks */ = {
			isa = PBXFrameworksBuildPhase;
			buildActionMask = 2147483647;
			files = (
			);
			runOnlyForDeploymentPostprocessing = 0;
		};
		974C61F1277645AE008EACDC /* Frameworks */ = {
			isa = PBXFrameworksBuildPhase;
			buildActionMask = 2147483647;
			files = (
			);
			runOnlyForDeploymentPostprocessing = 0;
		};
		974C61FD277645AE008EACDC /* Frameworks */ = {
			isa = PBXFrameworksBuildPhase;
			buildActionMask = 2147483647;
			files = (
			);
			runOnlyForDeploymentPostprocessing = 0;
		};
/* End PBXFrameworksBuildPhase section */

/* Begin PBXGroup section */
		974C61D7277645AC008EACDC = {
			isa = PBXGroup;
			children = (
				974C61DC277645AC008EACDC /* Shared */,
				974C61EE277645AE008EACDC /* macOS */,
				974C61F7277645AE008EACDC /* Tests iOS */,
				974C6203277645AE008EACDC /* Tests macOS */,
				974C61E8277645AE008EACDC /* Products */,
			);
			sourceTree = "<group>";
		};
		974C61DC277645AC008EACDC /* Shared */ = {
			isa = PBXGroup;
			children = (
				974C61DF277645AC008EACDC /* ILikeToWatchApp.swift */,
				974C62352778DA53008EACDC /* API */,
				974C62362778DA69008EACDC /* Models */,
				974C62372778DA93008EACDC /* ViewModels */,
				974C62392778DAD4008EACDC /* Views */,
				974C62382778DAB0008EACDC /* Utils */,
				974C61E2277645AE008EACDC /* Assets.xcassets */,
				974C61DD277645AC008EACDC /* ILikeToWatch.xcdatamodeld */,
			);
			path = Shared;
			sourceTree = "<group>";
		};
		974C61E8277645AE008EACDC /* Products */ = {
			isa = PBXGroup;
			children = (
				974C61E7277645AE008EACDC /* ILikeToWatch.app */,
				974C61ED277645AE008EACDC /* ILikeToWatch.app */,
				974C61F4277645AE008EACDC /* Tests iOS.xctest */,
				974C6200277645AE008EACDC /* Tests macOS.xctest */,
			);
			name = Products;
			sourceTree = "<group>";
		};
		974C61EE277645AE008EACDC /* macOS */ = {
			isa = PBXGroup;
			children = (
				974C61EF277645AE008EACDC /* macOS.entitlements */,
			);
			path = macOS;
			sourceTree = "<group>";
		};
		974C61F7277645AE008EACDC /* Tests iOS */ = {
			isa = PBXGroup;
			children = (
				974C61F8277645AE008EACDC /* Tests_iOS.swift */,
				974C61FA277645AE008EACDC /* Tests_iOSLaunchTests.swift */,
			);
			path = "Tests iOS";
			sourceTree = "<group>";
		};
		974C6203277645AE008EACDC /* Tests macOS */ = {
			isa = PBXGroup;
			children = (
				974C6204277645AE008EACDC /* Tests_macOS.swift */,
				974C6206277645AE008EACDC /* Tests_macOSLaunchTests.swift */,
			);
			path = "Tests macOS";
			sourceTree = "<group>";
		};
		974C62352778DA53008EACDC /* API */ = {
			isa = PBXGroup;
			children = (
				97A97FCB277E2A97005FE01A /* APIRequest.swift */,
				97A97FBF277CFA27005FE01A /* APIDetailedRequest.swift */,
				974C6220277646C0008EACDC /* APISearchRequest.swift */,
			);
			path = API;
			sourceTree = "<group>";
		};
		974C62362778DA69008EACDC /* Models */ = {
			isa = PBXGroup;
			children = (
				974C6226277655A8008EACDC /* APISearchResponse.swift */,
				97A97FC2277CFD84005FE01A /* APIDetailedResponse.swift */,
				974C62AD27791496008EACDC /* Platform.swift */,
				974C62B027792235008EACDC /* Rating.swift */,
				974C62322778D8D3008EACDC /* SearchResponse.swift */,
				97A97FB9277CE22E005FE01A /* MediaType.swift */,
				97A97FA2277BC899005FE01A /* WatchItem.swift */,
			);
			path = Models;
			sourceTree = "<group>";
		};
		974C62372778DA93008EACDC /* ViewModels */ = {
			isa = PBXGroup;
			children = (
				97A97F9F277A885D005FE01A /* HistoryViewModel.swift */,
				97A97FBC277CE9C3005FE01A /* PersistenceViewModel.swift */,
				974C622927765AD6008EACDC /* SearchViewModel.swift */,
			);
			path = ViewModels;
			sourceTree = "<group>";
		};
		974C62382778DAB0008EACDC /* Utils */ = {
			isa = PBXGroup;
			children = (
				974C622F277684DB008EACDC /* Extensions.swift */,
				97A97FA8277CD6FD005FE01A /* Constants.swift */,
				974C622327764A06008EACDC /* Keys.swift */,
				974C61E1277645AC008EACDC /* Persistence.swift */,
				97A97FC8277E2949005FE01A /* Printable.swift */,
			);
			path = Utils;
			sourceTree = "<group>";
		};
		974C62392778DAD4008EACDC /* Views */ = {
			isa = PBXGroup;
			children = (
				974C623A2778EB1F008EACDC /* MainView.swift */,
				97A97FAC277CD83E005FE01A /* SearchView */,
				97A97FAB277CD814005FE01A /* SearchResponseDetailView */,
			);
			path = Views;
			sourceTree = "<group>";
		};
		97A97FAB277CD814005FE01A /* SearchResponseDetailView */ = {
			isa = PBXGroup;
			children = (
				974C623D2778EB5B008EACDC /* SearchResponseDetailView.swift */,
				97A97FA5277CD63A005FE01A /* PosterView.swift */,
				97A97FAD277CD875005FE01A /* TitleView.swift */,
				97A97FB0277CD9CD005FE01A /* PlatformPicker.swift */,
				97A97FB3277CDB3A005FE01A /* RatingPicker.swift */,
				97A97FB6277CDC97005FE01A /* SeriesRow.swift */,
			);
			path = SearchResponseDetailView;
			sourceTree = "<group>";
		};
		97A97FAC277CD83E005FE01A /* SearchView */ = {
			isa = PBXGroup;
			children = (
				974C61E0277645AC008EACDC /* SearchView.swift */,
				974C622C27767AB2008EACDC /* SearchResponseRow.swift */,
			);
			path = SearchView;
			sourceTree = "<group>";
		};
/* End PBXGroup section */

/* Begin PBXNativeTarget section */
		974C61E6277645AE008EACDC /* ILikeToWatch (iOS) */ = {
			isa = PBXNativeTarget;
			buildConfigurationList = 974C6214277645AE008EACDC /* Build configuration list for PBXNativeTarget "ILikeToWatch (iOS)" */;
			buildPhases = (
				974C61E3277645AE008EACDC /* Sources */,
				974C61E4277645AE008EACDC /* Frameworks */,
				974C61E5277645AE008EACDC /* Resources */,
			);
			buildRules = (
			);
			dependencies = (
			);
			name = "ILikeToWatch (iOS)";
			productName = "ILikeToWatch (iOS)";
			productReference = 974C61E7277645AE008EACDC /* ILikeToWatch.app */;
			productType = "com.apple.product-type.application";
		};
		974C61EC277645AE008EACDC /* ILikeToWatch (macOS) */ = {
			isa = PBXNativeTarget;
			buildConfigurationList = 974C6217277645AE008EACDC /* Build configuration list for PBXNativeTarget "ILikeToWatch (macOS)" */;
			buildPhases = (
				974C61E9277645AE008EACDC /* Sources */,
				974C61EA277645AE008EACDC /* Frameworks */,
				974C61EB277645AE008EACDC /* Resources */,
			);
			buildRules = (
			);
			dependencies = (
			);
			name = "ILikeToWatch (macOS)";
			productName = "ILikeToWatch (macOS)";
			productReference = 974C61ED277645AE008EACDC /* ILikeToWatch.app */;
			productType = "com.apple.product-type.application";
		};
		974C61F3277645AE008EACDC /* Tests iOS */ = {
			isa = PBXNativeTarget;
			buildConfigurationList = 974C621A277645AE008EACDC /* Build configuration list for PBXNativeTarget "Tests iOS" */;
			buildPhases = (
				974C61F0277645AE008EACDC /* Sources */,
				974C61F1277645AE008EACDC /* Frameworks */,
				974C61F2277645AE008EACDC /* Resources */,
			);
			buildRules = (
			);
			dependencies = (
				974C61F6277645AE008EACDC /* PBXTargetDependency */,
			);
			name = "Tests iOS";
			productName = "Tests iOS";
			productReference = 974C61F4277645AE008EACDC /* Tests iOS.xctest */;
			productType = "com.apple.product-type.bundle.ui-testing";
		};
		974C61FF277645AE008EACDC /* Tests macOS */ = {
			isa = PBXNativeTarget;
			buildConfigurationList = 974C621D277645AE008EACDC /* Build configuration list for PBXNativeTarget "Tests macOS" */;
			buildPhases = (
				974C61FC277645AE008EACDC /* Sources */,
				974C61FD277645AE008EACDC /* Frameworks */,
				974C61FE277645AE008EACDC /* Resources */,
			);
			buildRules = (
			);
			dependencies = (
				974C6202277645AE008EACDC /* PBXTargetDependency */,
			);
			name = "Tests macOS";
			productName = "Tests macOS";
			productReference = 974C6200277645AE008EACDC /* Tests macOS.xctest */;
			productType = "com.apple.product-type.bundle.ui-testing";
		};
/* End PBXNativeTarget section */

/* Begin PBXProject section */
		974C61D8277645AC008EACDC /* Project object */ = {
			isa = PBXProject;
			attributes = {
				BuildIndependentTargetsInParallel = 1;
				LastSwiftUpdateCheck = 1320;
				LastUpgradeCheck = 1320;
				TargetAttributes = {
					974C61E6277645AE008EACDC = {
						CreatedOnToolsVersion = 13.2.1;
					};
					974C61EC277645AE008EACDC = {
						CreatedOnToolsVersion = 13.2.1;
					};
					974C61F3277645AE008EACDC = {
						CreatedOnToolsVersion = 13.2.1;
						TestTargetID = 974C61E6277645AE008EACDC;
					};
					974C61FF277645AE008EACDC = {
						CreatedOnToolsVersion = 13.2.1;
						TestTargetID = 974C61EC277645AE008EACDC;
					};
				};
			};
			buildConfigurationList = 974C61DB277645AC008EACDC /* Build configuration list for PBXProject "ILikeToWatch" */;
			compatibilityVersion = "Xcode 13.0";
			developmentRegion = en;
			hasScannedForEncodings = 0;
			knownRegions = (
				en,
				Base,
			);
			mainGroup = 974C61D7277645AC008EACDC;
			productRefGroup = 974C61E8277645AE008EACDC /* Products */;
			projectDirPath = "";
			projectRoot = "";
			targets = (
				974C61E6277645AE008EACDC /* ILikeToWatch (iOS) */,
				974C61EC277645AE008EACDC /* ILikeToWatch (macOS) */,
				974C61F3277645AE008EACDC /* Tests iOS */,
				974C61FF277645AE008EACDC /* Tests macOS */,
			);
		};
/* End PBXProject section */

/* Begin PBXResourcesBuildPhase section */
		974C61E5277645AE008EACDC /* Resources */ = {
			isa = PBXResourcesBuildPhase;
			buildActionMask = 2147483647;
			files = (
				974C6210277645AE008EACDC /* Assets.xcassets in Resources */,
			);
			runOnlyForDeploymentPostprocessing = 0;
		};
		974C61EB277645AE008EACDC /* Resources */ = {
			isa = PBXResourcesBuildPhase;
			buildActionMask = 2147483647;
			files = (
				974C6211277645AE008EACDC /* Assets.xcassets in Resources */,
			);
			runOnlyForDeploymentPostprocessing = 0;
		};
		974C61F2277645AE008EACDC /* Resources */ = {
			isa = PBXResourcesBuildPhase;
			buildActionMask = 2147483647;
			files = (
			);
			runOnlyForDeploymentPostprocessing = 0;
		};
		974C61FE277645AE008EACDC /* Resources */ = {
			isa = PBXResourcesBuildPhase;
			buildActionMask = 2147483647;
			files = (
			);
			runOnlyForDeploymentPostprocessing = 0;
		};
/* End PBXResourcesBuildPhase section */

/* Begin PBXSourcesBuildPhase section */
		974C61E3277645AE008EACDC /* Sources */ = {
			isa = PBXSourcesBuildPhase;
			buildActionMask = 2147483647;
			files = (
				97A97FB7277CDC97005FE01A /* SeriesRow.swift in Sources */,
				97A97FBD277CE9C3005FE01A /* PersistenceViewModel.swift in Sources */,
				974C62AE27791496008EACDC /* Platform.swift in Sources */,
				97A97FCC277E2A97005FE01A /* APIRequest.swift in Sources */,
				97A97FA9277CD6FD005FE01A /* Constants.swift in Sources */,
				974C62332778D8D4008EACDC /* SearchResponse.swift in Sources */,
				974C623B2778EB1F008EACDC /* MainView.swift in Sources */,
				97A97FB4277CDB3A005FE01A /* RatingPicker.swift in Sources */,
				97A97FC9277E2949005FE01A /* Printable.swift in Sources */,
				974C6227277655A8008EACDC /* APISearchResponse.swift in Sources */,
				974C6208277645AE008EACDC /* ILikeToWatch.xcdatamodeld in Sources */,
				974C622427764A06008EACDC /* Keys.swift in Sources */,
				974C620E277645AE008EACDC /* Persistence.swift in Sources */,
				97A97FA6277CD63A005FE01A /* PosterView.swift in Sources */,
				97A97FB1277CD9CD005FE01A /* PlatformPicker.swift in Sources */,
				97A97FBA277CE22E005FE01A /* MediaType.swift in Sources */,
				974C6221277646C0008EACDC /* APISearchRequest.swift in Sources */,
				974C6230277684DB008EACDC /* Extensions.swift in Sources */,
				974C622D27767AB2008EACDC /* SearchResponseRow.swift in Sources */,
				974C623E2778EB5B008EACDC /* SearchResponseDetailView.swift in Sources */,
				974C620A277645AE008EACDC /* ILikeToWatchApp.swift in Sources */,
				974C62B127792235008EACDC /* Rating.swift in Sources */,
				974C622A27765AD6008EACDC /* SearchViewModel.swift in Sources */,
				974C620C277645AE008EACDC /* SearchView.swift in Sources */,
				97A97FA0277A885D005FE01A /* HistoryViewModel.swift in Sources */,
				97A97FA3277BC899005FE01A /* WatchItem.swift in Sources */,
				97A97FAE277CD875005FE01A /* TitleView.swift in Sources */,
				97A97FC3277CFD84005FE01A /* APIDetailedResponse.swift in Sources */,
				97A97FC0277CFA27005FE01A /* APIDetailedRequest.swift in Sources */,
			);
			runOnlyForDeploymentPostprocessing = 0;
		};
		974C61E9277645AE008EACDC /* Sources */ = {
			isa = PBXSourcesBuildPhase;
			buildActionMask = 2147483647;
			files = (
				97A97FB8277CDC97005FE01A /* SeriesRow.swift in Sources */,
				97A97FBE277CE9C3005FE01A /* PersistenceViewModel.swift in Sources */,
				974C62AF27791496008EACDC /* Platform.swift in Sources */,
				97A97FCD277E2A97005FE01A /* APIRequest.swift in Sources */,
				97A97FAA277CD6FD005FE01A /* Constants.swift in Sources */,
				974C62342778D8D4008EACDC /* SearchResponse.swift in Sources */,
				974C623C2778EB1F008EACDC /* MainView.swift in Sources */,
				97A97FB5277CDB3A005FE01A /* RatingPicker.swift in Sources */,
				97A97FCA277E2949005FE01A /* Printable.swift in Sources */,
				974C6228277655A8008EACDC /* APISearchResponse.swift in Sources */,
				974C6209277645AE008EACDC /* ILikeToWatch.xcdatamodeld in Sources */,
				974C622527764A06008EACDC /* Keys.swift in Sources */,
				974C620F277645AE008EACDC /* Persistence.swift in Sources */,
				97A97FA7277CD63A005FE01A /* PosterView.swift in Sources */,
				97A97FB2277CD9CD005FE01A /* PlatformPicker.swift in Sources */,
				97A97FBB277CE22E005FE01A /* MediaType.swift in Sources */,
				974C6222277646C0008EACDC /* APISearchRequest.swift in Sources */,
				974C6231277684DB008EACDC /* Extensions.swift in Sources */,
				974C622E27767AB2008EACDC /* SearchResponseRow.swift in Sources */,
				974C623F2778EB5B008EACDC /* SearchResponseDetailView.swift in Sources */,
				974C620B277645AE008EACDC /* ILikeToWatchApp.swift in Sources */,
				974C62B227792235008EACDC /* Rating.swift in Sources */,
				974C622B27765AD6008EACDC /* SearchViewModel.swift in Sources */,
				974C620D277645AE008EACDC /* SearchView.swift in Sources */,
				97A97FA1277A885D005FE01A /* HistoryViewModel.swift in Sources */,
				97A97FA4277BC899005FE01A /* WatchItem.swift in Sources */,
				97A97FAF277CD875005FE01A /* TitleView.swift in Sources */,
				97A97FC4277CFD84005FE01A /* APIDetailedResponse.swift in Sources */,
				97A97FC1277CFA27005FE01A /* APIDetailedRequest.swift in Sources */,
			);
			runOnlyForDeploymentPostprocessing = 0;
		};
		974C61F0277645AE008EACDC /* Sources */ = {
			isa = PBXSourcesBuildPhase;
			buildActionMask = 2147483647;
			files = (
				974C61FB277645AE008EACDC /* Tests_iOSLaunchTests.swift in Sources */,
				974C61F9277645AE008EACDC /* Tests_iOS.swift in Sources */,
			);
			runOnlyForDeploymentPostprocessing = 0;
		};
		974C61FC277645AE008EACDC /* Sources */ = {
			isa = PBXSourcesBuildPhase;
			buildActionMask = 2147483647;
			files = (
				974C6207277645AE008EACDC /* Tests_macOSLaunchTests.swift in Sources */,
				974C6205277645AE008EACDC /* Tests_macOS.swift in Sources */,
			);
			runOnlyForDeploymentPostprocessing = 0;
		};
/* End PBXSourcesBuildPhase section */

/* Begin PBXTargetDependency section */
		974C61F6277645AE008EACDC /* PBXTargetDependency */ = {
			isa = PBXTargetDependency;
			target = 974C61E6277645AE008EACDC /* ILikeToWatch (iOS) */;
			targetProxy = 974C61F5277645AE008EACDC /* PBXContainerItemProxy */;
		};
		974C6202277645AE008EACDC /* PBXTargetDependency */ = {
			isa = PBXTargetDependency;
			target = 974C61EC277645AE008EACDC /* ILikeToWatch (macOS) */;
			targetProxy = 974C6201277645AE008EACDC /* PBXContainerItemProxy */;
		};
/* End PBXTargetDependency section */

/* Begin XCBuildConfiguration section */
		974C6212277645AE008EACDC /* Debug */ = {
			isa = XCBuildConfiguration;
			buildSettings = {
				ALWAYS_SEARCH_USER_PATHS = NO;
				CLANG_ANALYZER_NONNULL = YES;
				CLANG_ANALYZER_NUMBER_OBJECT_CONVERSION = YES_AGGRESSIVE;
				CLANG_CXX_LANGUAGE_STANDARD = "gnu++17";
				CLANG_CXX_LIBRARY = "libc++";
				CLANG_ENABLE_MODULES = YES;
				CLANG_ENABLE_OBJC_ARC = YES;
				CLANG_ENABLE_OBJC_WEAK = YES;
				CLANG_WARN_BLOCK_CAPTURE_AUTORELEASING = YES;
				CLANG_WARN_BOOL_CONVERSION = YES;
				CLANG_WARN_COMMA = YES;
				CLANG_WARN_CONSTANT_CONVERSION = YES;
				CLANG_WARN_DEPRECATED_OBJC_IMPLEMENTATIONS = YES;
				CLANG_WARN_DIRECT_OBJC_ISA_USAGE = YES_ERROR;
				CLANG_WARN_DOCUMENTATION_COMMENTS = YES;
				CLANG_WARN_EMPTY_BODY = YES;
				CLANG_WARN_ENUM_CONVERSION = YES;
				CLANG_WARN_INFINITE_RECURSION = YES;
				CLANG_WARN_INT_CONVERSION = YES;
				CLANG_WARN_NON_LITERAL_NULL_CONVERSION = YES;
				CLANG_WARN_OBJC_IMPLICIT_RETAIN_SELF = YES;
				CLANG_WARN_OBJC_LITERAL_CONVERSION = YES;
				CLANG_WARN_OBJC_ROOT_CLASS = YES_ERROR;
				CLANG_WARN_QUOTED_INCLUDE_IN_FRAMEWORK_HEADER = YES;
				CLANG_WARN_RANGE_LOOP_ANALYSIS = YES;
				CLANG_WARN_STRICT_PROTOTYPES = YES;
				CLANG_WARN_SUSPICIOUS_MOVE = YES;
				CLANG_WARN_UNGUARDED_AVAILABILITY = YES_AGGRESSIVE;
				CLANG_WARN_UNREACHABLE_CODE = YES;
				CLANG_WARN__DUPLICATE_METHOD_MATCH = YES;
				COPY_PHASE_STRIP = NO;
				DEBUG_INFORMATION_FORMAT = dwarf;
				ENABLE_STRICT_OBJC_MSGSEND = YES;
				ENABLE_TESTABILITY = YES;
				GCC_C_LANGUAGE_STANDARD = gnu11;
				GCC_DYNAMIC_NO_PIC = NO;
				GCC_NO_COMMON_BLOCKS = YES;
				GCC_OPTIMIZATION_LEVEL = 0;
				GCC_PREPROCESSOR_DEFINITIONS = (
					"DEBUG=1",
					"$(inherited)",
				);
				GCC_WARN_64_TO_32_BIT_CONVERSION = YES;
				GCC_WARN_ABOUT_RETURN_TYPE = YES_ERROR;
				GCC_WARN_UNDECLARED_SELECTOR = YES;
				GCC_WARN_UNINITIALIZED_AUTOS = YES_AGGRESSIVE;
				GCC_WARN_UNUSED_FUNCTION = YES;
				GCC_WARN_UNUSED_VARIABLE = YES;
				MTL_ENABLE_DEBUG_INFO = INCLUDE_SOURCE;
				MTL_FAST_MATH = YES;
				ONLY_ACTIVE_ARCH = YES;
				SWIFT_ACTIVE_COMPILATION_CONDITIONS = DEBUG;
				SWIFT_OPTIMIZATION_LEVEL = "-Onone";
			};
			name = Debug;
		};
		974C6213277645AE008EACDC /* Release */ = {
			isa = XCBuildConfiguration;
			buildSettings = {
				ALWAYS_SEARCH_USER_PATHS = NO;
				CLANG_ANALYZER_NONNULL = YES;
				CLANG_ANALYZER_NUMBER_OBJECT_CONVERSION = YES_AGGRESSIVE;
				CLANG_CXX_LANGUAGE_STANDARD = "gnu++17";
				CLANG_CXX_LIBRARY = "libc++";
				CLANG_ENABLE_MODULES = YES;
				CLANG_ENABLE_OBJC_ARC = YES;
				CLANG_ENABLE_OBJC_WEAK = YES;
				CLANG_WARN_BLOCK_CAPTURE_AUTORELEASING = YES;
				CLANG_WARN_BOOL_CONVERSION = YES;
				CLANG_WARN_COMMA = YES;
				CLANG_WARN_CONSTANT_CONVERSION = YES;
				CLANG_WARN_DEPRECATED_OBJC_IMPLEMENTATIONS = YES;
				CLANG_WARN_DIRECT_OBJC_ISA_USAGE = YES_ERROR;
				CLANG_WARN_DOCUMENTATION_COMMENTS = YES;
				CLANG_WARN_EMPTY_BODY = YES;
				CLANG_WARN_ENUM_CONVERSION = YES;
				CLANG_WARN_INFINITE_RECURSION = YES;
				CLANG_WARN_INT_CONVERSION = YES;
				CLANG_WARN_NON_LITERAL_NULL_CONVERSION = YES;
				CLANG_WARN_OBJC_IMPLICIT_RETAIN_SELF = YES;
				CLANG_WARN_OBJC_LITERAL_CONVERSION = YES;
				CLANG_WARN_OBJC_ROOT_CLASS = YES_ERROR;
				CLANG_WARN_QUOTED_INCLUDE_IN_FRAMEWORK_HEADER = YES;
				CLANG_WARN_RANGE_LOOP_ANALYSIS = YES;
				CLANG_WARN_STRICT_PROTOTYPES = YES;
				CLANG_WARN_SUSPICIOUS_MOVE = YES;
				CLANG_WARN_UNGUARDED_AVAILABILITY = YES_AGGRESSIVE;
				CLANG_WARN_UNREACHABLE_CODE = YES;
				CLANG_WARN__DUPLICATE_METHOD_MATCH = YES;
				COPY_PHASE_STRIP = NO;
				DEBUG_INFORMATION_FORMAT = "dwarf-with-dsym";
				ENABLE_NS_ASSERTIONS = NO;
				ENABLE_STRICT_OBJC_MSGSEND = YES;
				GCC_C_LANGUAGE_STANDARD = gnu11;
				GCC_NO_COMMON_BLOCKS = YES;
				GCC_WARN_64_TO_32_BIT_CONVERSION = YES;
				GCC_WARN_ABOUT_RETURN_TYPE = YES_ERROR;
				GCC_WARN_UNDECLARED_SELECTOR = YES;
				GCC_WARN_UNINITIALIZED_AUTOS = YES_AGGRESSIVE;
				GCC_WARN_UNUSED_FUNCTION = YES;
				GCC_WARN_UNUSED_VARIABLE = YES;
				MTL_ENABLE_DEBUG_INFO = NO;
				MTL_FAST_MATH = YES;
				SWIFT_COMPILATION_MODE = wholemodule;
				SWIFT_OPTIMIZATION_LEVEL = "-O";
			};
			name = Release;
		};
		974C6215277645AE008EACDC /* Debug */ = {
			isa = XCBuildConfiguration;
			buildSettings = {
				ASSETCATALOG_COMPILER_APPICON_NAME = AppIcon;
				ASSETCATALOG_COMPILER_GLOBAL_ACCENT_COLOR_NAME = AccentColor;
				CODE_SIGN_STYLE = Automatic;
				CURRENT_PROJECT_VERSION = 1;
				DEVELOPMENT_TEAM = 9322UFZ9MA;
				ENABLE_PREVIEWS = YES;
				GENERATE_INFOPLIST_FILE = YES;
				INFOPLIST_KEY_UIApplicationSceneManifest_Generation = YES;
				INFOPLIST_KEY_UIApplicationSupportsIndirectInputEvents = YES;
				INFOPLIST_KEY_UILaunchScreen_Generation = YES;
				INFOPLIST_KEY_UISupportedInterfaceOrientations = UIInterfaceOrientationPortrait;
				INFOPLIST_KEY_UISupportedInterfaceOrientations_iPad = "UIInterfaceOrientationPortrait UIInterfaceOrientationPortraitUpsideDown UIInterfaceOrientationLandscapeLeft UIInterfaceOrientationLandscapeRight";
				INFOPLIST_KEY_UISupportedInterfaceOrientations_iPhone = "UIInterfaceOrientationPortrait UIInterfaceOrientationLandscapeLeft UIInterfaceOrientationLandscapeRight";
				IPHONEOS_DEPLOYMENT_TARGET = 15.2;
				LD_RUNPATH_SEARCH_PATHS = (
					"$(inherited)",
					"@executable_path/Frameworks",
				);
				MARKETING_VERSION = 1.0;
				PRODUCT_BUNDLE_IDENTIFIER = com.stephbeswift.ILikeToWatch;
				PRODUCT_NAME = ILikeToWatch;
				SDKROOT = iphoneos;
				SWIFT_EMIT_LOC_STRINGS = YES;
				SWIFT_VERSION = 5.0;
				TARGETED_DEVICE_FAMILY = "1,2";
			};
			name = Debug;
		};
		974C6216277645AE008EACDC /* Release */ = {
			isa = XCBuildConfiguration;
			buildSettings = {
				ASSETCATALOG_COMPILER_APPICON_NAME = AppIcon;
				ASSETCATALOG_COMPILER_GLOBAL_ACCENT_COLOR_NAME = AccentColor;
				CODE_SIGN_STYLE = Automatic;
				CURRENT_PROJECT_VERSION = 1;
				DEVELOPMENT_TEAM = 9322UFZ9MA;
				ENABLE_PREVIEWS = YES;
				GENERATE_INFOPLIST_FILE = YES;
				INFOPLIST_KEY_UIApplicationSceneManifest_Generation = YES;
				INFOPLIST_KEY_UIApplicationSupportsIndirectInputEvents = YES;
				INFOPLIST_KEY_UILaunchScreen_Generation = YES;
				INFOPLIST_KEY_UISupportedInterfaceOrientations = UIInterfaceOrientationPortrait;
				INFOPLIST_KEY_UISupportedInterfaceOrientations_iPad = "UIInterfaceOrientationPortrait UIInterfaceOrientationPortraitUpsideDown UIInterfaceOrientationLandscapeLeft UIInterfaceOrientationLandscapeRight";
				INFOPLIST_KEY_UISupportedInterfaceOrientations_iPhone = "UIInterfaceOrientationPortrait UIInterfaceOrientationLandscapeLeft UIInterfaceOrientationLandscapeRight";
				IPHONEOS_DEPLOYMENT_TARGET = 15.2;
				LD_RUNPATH_SEARCH_PATHS = (
					"$(inherited)",
					"@executable_path/Frameworks",
				);
				MARKETING_VERSION = 1.0;
				PRODUCT_BUNDLE_IDENTIFIER = com.stephbeswift.ILikeToWatch;
				PRODUCT_NAME = ILikeToWatch;
				SDKROOT = iphoneos;
				SWIFT_EMIT_LOC_STRINGS = YES;
				SWIFT_VERSION = 5.0;
				TARGETED_DEVICE_FAMILY = "1,2";
				VALIDATE_PRODUCT = YES;
			};
			name = Release;
		};
		974C6218277645AE008EACDC /* Debug */ = {
			isa = XCBuildConfiguration;
			buildSettings = {
				ASSETCATALOG_COMPILER_APPICON_NAME = AppIcon;
				ASSETCATALOG_COMPILER_GLOBAL_ACCENT_COLOR_NAME = AccentColor;
				CODE_SIGN_ENTITLEMENTS = macOS/macOS.entitlements;
				CODE_SIGN_IDENTITY = "Apple Development";
				CODE_SIGN_STYLE = Automatic;
				COMBINE_HIDPI_IMAGES = YES;
				CURRENT_PROJECT_VERSION = 1;
				DEVELOPMENT_TEAM = 9322UFZ9MA;
				ENABLE_PREVIEWS = YES;
				GENERATE_INFOPLIST_FILE = YES;
				INFOPLIST_KEY_NSHumanReadableCopyright = "";
				LD_RUNPATH_SEARCH_PATHS = (
					"$(inherited)",
					"@executable_path/../Frameworks",
				);
				MACOSX_DEPLOYMENT_TARGET = 12.1;
				MARKETING_VERSION = 1.0;
				PRODUCT_BUNDLE_IDENTIFIER = com.stephbeswift.ILikeToWatch;
				PRODUCT_NAME = ILikeToWatch;
				SDKROOT = macosx;
				SWIFT_EMIT_LOC_STRINGS = YES;
				SWIFT_VERSION = 5.0;
			};
			name = Debug;
		};
		974C6219277645AE008EACDC /* Release */ = {
			isa = XCBuildConfiguration;
			buildSettings = {
				ASSETCATALOG_COMPILER_APPICON_NAME = AppIcon;
				ASSETCATALOG_COMPILER_GLOBAL_ACCENT_COLOR_NAME = AccentColor;
				CODE_SIGN_ENTITLEMENTS = macOS/macOS.entitlements;
				CODE_SIGN_IDENTITY = "Apple Development";
				CODE_SIGN_STYLE = Automatic;
				COMBINE_HIDPI_IMAGES = YES;
				CURRENT_PROJECT_VERSION = 1;
				DEVELOPMENT_TEAM = 9322UFZ9MA;
				ENABLE_PREVIEWS = YES;
				GENERATE_INFOPLIST_FILE = YES;
				INFOPLIST_KEY_NSHumanReadableCopyright = "";
				LD_RUNPATH_SEARCH_PATHS = (
					"$(inherited)",
					"@executable_path/../Frameworks",
				);
				MACOSX_DEPLOYMENT_TARGET = 12.1;
				MARKETING_VERSION = 1.0;
				PRODUCT_BUNDLE_IDENTIFIER = com.stephbeswift.ILikeToWatch;
				PRODUCT_NAME = ILikeToWatch;
				SDKROOT = macosx;
				SWIFT_EMIT_LOC_STRINGS = YES;
				SWIFT_VERSION = 5.0;
			};
			name = Release;
		};
		974C621B277645AE008EACDC /* Debug */ = {
			isa = XCBuildConfiguration;
			buildSettings = {
				ALWAYS_EMBED_SWIFT_STANDARD_LIBRARIES = YES;
				"CODE_SIGN_IDENTITY[sdk=macosx*]" = "Apple Development";
				CODE_SIGN_STYLE = Automatic;
				CURRENT_PROJECT_VERSION = 1;
				DEVELOPMENT_TEAM = 9322UFZ9MA;
				GENERATE_INFOPLIST_FILE = YES;
				IPHONEOS_DEPLOYMENT_TARGET = 15.2;
				MARKETING_VERSION = 1.0;
				PRODUCT_BUNDLE_IDENTIFIER = "com.stephbeswift.Tests-iOS";
				PRODUCT_NAME = "$(TARGET_NAME)";
				SDKROOT = iphoneos;
				SWIFT_EMIT_LOC_STRINGS = NO;
				SWIFT_VERSION = 5.0;
				TARGETED_DEVICE_FAMILY = "1,2";
				TEST_TARGET_NAME = "ILikeToWatch (iOS)";
			};
			name = Debug;
		};
		974C621C277645AE008EACDC /* Release */ = {
			isa = XCBuildConfiguration;
			buildSettings = {
				ALWAYS_EMBED_SWIFT_STANDARD_LIBRARIES = YES;
				"CODE_SIGN_IDENTITY[sdk=macosx*]" = "Apple Development";
				CODE_SIGN_STYLE = Automatic;
				CURRENT_PROJECT_VERSION = 1;
				DEVELOPMENT_TEAM = 9322UFZ9MA;
				GENERATE_INFOPLIST_FILE = YES;
				IPHONEOS_DEPLOYMENT_TARGET = 15.2;
				MARKETING_VERSION = 1.0;
				PRODUCT_BUNDLE_IDENTIFIER = "com.stephbeswift.Tests-iOS";
				PRODUCT_NAME = "$(TARGET_NAME)";
				SDKROOT = iphoneos;
				SWIFT_EMIT_LOC_STRINGS = NO;
				SWIFT_VERSION = 5.0;
				TARGETED_DEVICE_FAMILY = "1,2";
				TEST_TARGET_NAME = "ILikeToWatch (iOS)";
				VALIDATE_PRODUCT = YES;
			};
			name = Release;
		};
		974C621E277645AE008EACDC /* Debug */ = {
			isa = XCBuildConfiguration;
			buildSettings = {
				ALWAYS_EMBED_SWIFT_STANDARD_LIBRARIES = YES;
				CODE_SIGN_STYLE = Automatic;
				CURRENT_PROJECT_VERSION = 1;
				DEVELOPMENT_TEAM = 9322UFZ9MA;
				GENERATE_INFOPLIST_FILE = YES;
				MACOSX_DEPLOYMENT_TARGET = 12.1;
				MARKETING_VERSION = 1.0;
				PRODUCT_BUNDLE_IDENTIFIER = "com.stephbeswift.Tests-macOS";
				PRODUCT_NAME = "$(TARGET_NAME)";
				SDKROOT = macosx;
				SWIFT_EMIT_LOC_STRINGS = NO;
				SWIFT_VERSION = 5.0;
				TEST_TARGET_NAME = "ILikeToWatch (macOS)";
			};
			name = Debug;
		};
		974C621F277645AE008EACDC /* Release */ = {
			isa = XCBuildConfiguration;
			buildSettings = {
				ALWAYS_EMBED_SWIFT_STANDARD_LIBRARIES = YES;
				CODE_SIGN_STYLE = Automatic;
				CURRENT_PROJECT_VERSION = 1;
				DEVELOPMENT_TEAM = 9322UFZ9MA;
				GENERATE_INFOPLIST_FILE = YES;
				MACOSX_DEPLOYMENT_TARGET = 12.1;
				MARKETING_VERSION = 1.0;
				PRODUCT_BUNDLE_IDENTIFIER = "com.stephbeswift.Tests-macOS";
				PRODUCT_NAME = "$(TARGET_NAME)";
				SDKROOT = macosx;
				SWIFT_EMIT_LOC_STRINGS = NO;
				SWIFT_VERSION = 5.0;
				TEST_TARGET_NAME = "ILikeToWatch (macOS)";
			};
			name = Release;
		};
/* End XCBuildConfiguration section */

/* Begin XCConfigurationList section */
		974C61DB277645AC008EACDC /* Build configuration list for PBXProject "ILikeToWatch" */ = {
			isa = XCConfigurationList;
			buildConfigurations = (
				974C6212277645AE008EACDC /* Debug */,
				974C6213277645AE008EACDC /* Release */,
			);
			defaultConfigurationIsVisible = 0;
			defaultConfigurationName = Release;
		};
		974C6214277645AE008EACDC /* Build configuration list for PBXNativeTarget "ILikeToWatch (iOS)" */ = {
			isa = XCConfigurationList;
			buildConfigurations = (
				974C6215277645AE008EACDC /* Debug */,
				974C6216277645AE008EACDC /* Release */,
			);
			defaultConfigurationIsVisible = 0;
			defaultConfigurationName = Release;
		};
		974C6217277645AE008EACDC /* Build configuration list for PBXNativeTarget "ILikeToWatch (macOS)" */ = {
			isa = XCConfigurationList;
			buildConfigurations = (
				974C6218277645AE008EACDC /* Debug */,
				974C6219277645AE008EACDC /* Release */,
			);
			defaultConfigurationIsVisible = 0;
			defaultConfigurationName = Release;
		};
		974C621A277645AE008EACDC /* Build configuration list for PBXNativeTarget "Tests iOS" */ = {
			isa = XCConfigurationList;
			buildConfigurations = (
				974C621B277645AE008EACDC /* Debug */,
				974C621C277645AE008EACDC /* Release */,
			);
			defaultConfigurationIsVisible = 0;
			defaultConfigurationName = Release;
		};
		974C621D277645AE008EACDC /* Build configuration list for PBXNativeTarget "Tests macOS" */ = {
			isa = XCConfigurationList;
			buildConfigurations = (
				974C621E277645AE008EACDC /* Debug */,
				974C621F277645AE008EACDC /* Release */,
			);
			defaultConfigurationIsVisible = 0;
			defaultConfigurationName = Release;
		};
/* End XCConfigurationList section */

/* Begin XCVersionGroup section */
		974C61DD277645AC008EACDC /* ILikeToWatch.xcdatamodeld */ = {
			isa = XCVersionGroup;
			children = (
				974C61DE277645AC008EACDC /* Shared.xcdatamodel */,
			);
			currentVersion = 974C61DE277645AC008EACDC /* Shared.xcdatamodel */;
			path = ILikeToWatch.xcdatamodeld;
			sourceTree = "<group>";
			versionGroupType = wrapper.xcdatamodel;
		};
/* End XCVersionGroup section */
	};
	rootObject = 974C61D8277645AC008EACDC /* Project object */;
}
